
Microsoft Visual Studio Solution File, Format Version 12.00
# Visual Studio Version 17
VisualStudioVersion = 17.0.31611.283
MinimumVisualStudioVersion = 10.0.40219.1
Project("{9A19103F-16F7-4668-BE54-9A1E7A4F7556}") = "Lembrador", "Lembrador.csproj", "{44D6E775-05E6-4101-AD6D-CE5D0262B96A}"
EndProject
Project("{2150E333-8FDC-42A3-9474-1A3956D46DE8}") = "Itens de Solução", "Itens de Solução", "{4BE56DF0-5AEC-4E4A-88A8-8A8CE384EBF5}"
	ProjectSection(SolutionItems) = preProject
		bd_lembretes.db3 = bd_lembretes.db3
	EndProjectSection
EndProject
Global
	GlobalSection(SolutionConfigurationPlatforms) = preSolution
		Debug|Any CPU = Debug|Any CPU
		Release|Any CPU = Release|Any CPU
	EndGlobalSection
	GlobalSection(ProjectConfigurationPlatforms) = postSolution
		{44D6E775-05E6-4101-AD6D-CE5D0262B96A}.Debug|Any CPU.ActiveCfg = Debug|Any CPU
		{44D6E775-05E6-4101-AD6D-CE5D0262B96A}.Debug|Any CPU.Build.0 = Debug|Any CPU
		{44D6E775-05E6-4101-AD6D-CE5D0262B96A}.Debug|Any CPU.Deploy.0 = Debug|Any CPU
		{44D6E775-05E6-4101-AD6D-CE5D0262B96A}.Release|Any CPU.ActiveCfg = Release|Any CPU
		{44D6E775-05E6-4101-AD6D-CE5D0262B96A}.Release|Any CPU.Build.0 = Release|Any CPU
		{44D6E775-05E6-4101-AD6D-CE5D0262B96A}.Release|Any CPU.Deploy.0 = Release|Any CPU
	EndGlobalSection
	GlobalSection(SolutionProperties) = preSolution
		HideSolutionNode = FALSE
	EndGlobalSection
	GlobalSection(ExtensibilityGlobals) = postSolution
		SolutionGuid = {61F7FB11-1E47-470C-91E2-47F8143E1572}
	EndGlobalSection
EndGlobal
